
Microsoft Visual Studio Solution File, Format Version 12.00
# Visual Studio Version 16
VisualStudioVersion = 16.0.30330.147
MinimumVisualStudioVersion = 10.0.40219.1
Project("{FAE04EC0-301F-11D3-BF4B-00C04F79EFBC}") = "Copier", "Copier\Copier.csproj", "{BF931D50-AB94-47FA-AFE7-0A9C93C40262}"
EndProject
Project("{FAE04EC0-301F-11D3-BF4B-00C04F79EFBC}") = "Copier.Tests", "Copier.Tests\Copier.Tests.csproj", "{21043A26-8442-4BE8-B381-4055EE943CF4}"
EndProject
Global
	GlobalSection(SolutionConfigurationPlatforms) = preSolution
		Debug|Any CPU = Debug|Any CPU
		Release|Any CPU = Release|Any CPU
	EndGlobalSection
	GlobalSection(ProjectConfigurationPlatforms) = postSolution
		{BF931D50-AB94-47FA-AFE7-0A9C93C40262}.Debug|Any CPU.ActiveCfg = Debug|Any CPU
		{BF931D50-AB94-47FA-AFE7-0A9C93C40262}.Debug|Any CPU.Build.0 = Debug|Any CPU
		{BF931D50-AB94-47FA-AFE7-0A9C93C40262}.Release|Any CPU.ActiveCfg = Release|Any CPU
		{BF931D50-AB94-47FA-AFE7-0A9C93C40262}.Release|Any CPU.Build.0 = Release|Any CPU
		{21043A26-8442-4BE8-B381-4055EE943CF4}.Debug|Any CPU.ActiveCfg = Debug|Any CPU
		{21043A26-8442-4BE8-B381-4055EE943CF4}.Debug|Any CPU.Build.0 = Debug|Any CPU
		{21043A26-8442-4BE8-B381-4055EE943CF4}.Release|Any CPU.ActiveCfg = Release|Any CPU
		{21043A26-8442-4BE8-B381-4055EE943CF4}.Release|Any CPU.Build.0 = Release|Any CPU
	EndGlobalSection
	GlobalSection(SolutionProperties) = preSolution
		HideSolutionNode = FALSE
	EndGlobalSection
	GlobalSection(ExtensibilityGlobals) = postSolution
		SolutionGuid = {2335AD28-8BA8-41C0-9ECF-C99DA187B502}
	EndGlobalSection
EndGlobal
